
Microsoft Visual Studio Solution File, Format Version 12.00
# Visual Studio Version 17
VisualStudioVersion = 17.13.35818.85 d17.13
MinimumVisualStudioVersion = 10.0.40219.1
Project("{FAE04EC0-301F-11D3-BF4B-00C04F79EFBC}") = "Ex1", "Ex1\Ex1.csproj", "{D9588F6A-A2C6-47C5-9983-7DB00F7A1C7D}"
EndProject
Global
	GlobalSection(SolutionConfigurationPlatforms) = preSolution
		Debug|Any CPU = Debug|Any CPU
		Release|Any CPU = Release|Any CPU
	EndGlobalSection
	GlobalSection(ProjectConfigurationPlatforms) = postSolution
		{D9588F6A-A2C6-47C5-9983-7DB00F7A1C7D}.Debug|Any CPU.ActiveCfg = Debug|Any CPU
		{D9588F6A-A2C6-47C5-9983-7DB00F7A1C7D}.Debug|Any CPU.Build.0 = Debug|Any CPU
		{D9588F6A-A2C6-47C5-9983-7DB00F7A1C7D}.Release|Any CPU.ActiveCfg = Release|Any CPU
		{D9588F6A-A2C6-47C5-9983-7DB00F7A1C7D}.Release|Any CPU.Build.0 = Release|Any CPU
	EndGlobalSection
	GlobalSection(SolutionProperties) = preSolution
		HideSolutionNode = FALSE
	EndGlobalSection
	GlobalSection(ExtensibilityGlobals) = postSolution
		SolutionGuid = {58DA3B1F-AC64-4C35-A1D4-018C8C3EBF3A}
	EndGlobalSection
EndGlobal
