
Microsoft Visual Studio Solution File, Format Version 12.00
# Visual Studio Version 17
VisualStudioVersion = 17.13.35818.85
MinimumVisualStudioVersion = 10.0.40219.1
Project("{FAE04EC0-301F-11D3-BF4B-00C04F79EFBC}") = "ConsoleApp2", "Ex2\ConsoleApp2.csproj", "{F24E238C-EF04-4082-99ED-28611B423B7D}"
EndProject
Project("{FAE04EC0-301F-11D3-BF4B-00C04F79EFBC}") = "ConsoleApp1", "ConsoleApp1\ConsoleApp1.csproj", "{19F091D1-C128-407D-ADE8-F07BE02674D8}"
EndProject
Project("{FAE04EC0-301F-11D3-BF4B-00C04F79EFBC}") = "ClassLibrary1", "ClassLibrary1\ClassLibrary1.csproj", "{B96E0730-9768-45E7-94F7-152694D8963F}"
EndProject
Project("{FAE04EC0-301F-11D3-BF4B-00C04F79EFBC}") = "ClassLibrary2", "ClassLibrary2\ClassLibrary2.csproj", "{3160ACCB-E53E-4BF7-B4D3-083C0B3FB8C5}"
EndProject
Global
	GlobalSection(SolutionConfigurationPlatforms) = preSolution
		Debug|Any CPU = Debug|Any CPU
		Release|Any CPU = Release|Any CPU
	EndGlobalSection
	GlobalSection(ProjectConfigurationPlatforms) = postSolution
		{F24E238C-EF04-4082-99ED-28611B423B7D}.Debug|Any CPU.ActiveCfg = Debug|Any CPU
		{F24E238C-EF04-4082-99ED-28611B423B7D}.Debug|Any CPU.Build.0 = Debug|Any CPU
		{F24E238C-EF04-4082-99ED-28611B423B7D}.Release|Any CPU.ActiveCfg = Release|Any CPU
		{F24E238C-EF04-4082-99ED-28611B423B7D}.Release|Any CPU.Build.0 = Release|Any CPU
		{19F091D1-C128-407D-ADE8-F07BE02674D8}.Debug|Any CPU.ActiveCfg = Debug|Any CPU
		{19F091D1-C128-407D-ADE8-F07BE02674D8}.Debug|Any CPU.Build.0 = Debug|Any CPU
		{19F091D1-C128-407D-ADE8-F07BE02674D8}.Release|Any CPU.ActiveCfg = Release|Any CPU
		{19F091D1-C128-407D-ADE8-F07BE02674D8}.Release|Any CPU.Build.0 = Release|Any CPU
		{B96E0730-9768-45E7-94F7-152694D8963F}.Debug|Any CPU.ActiveCfg = Debug|Any CPU
		{B96E0730-9768-45E7-94F7-152694D8963F}.Debug|Any CPU.Build.0 = Debug|Any CPU
		{B96E0730-9768-45E7-94F7-152694D8963F}.Release|Any CPU.ActiveCfg = Release|Any CPU
		{B96E0730-9768-45E7-94F7-152694D8963F}.Release|Any CPU.Build.0 = Release|Any CPU
		{3160ACCB-E53E-4BF7-B4D3-083C0B3FB8C5}.Debug|Any CPU.ActiveCfg = Debug|Any CPU
		{3160ACCB-E53E-4BF7-B4D3-083C0B3FB8C5}.Debug|Any CPU.Build.0 = Debug|Any CPU
		{3160ACCB-E53E-4BF7-B4D3-083C0B3FB8C5}.Release|Any CPU.ActiveCfg = Release|Any CPU
		{3160ACCB-E53E-4BF7-B4D3-083C0B3FB8C5}.Release|Any CPU.Build.0 = Release|Any CPU
	EndGlobalSection
	GlobalSection(SolutionProperties) = preSolution
		HideSolutionNode = FALSE
	EndGlobalSection
	GlobalSection(ExtensibilityGlobals) = postSolution
		SolutionGuid = {5B942CA2-4946-4241-98B0-7625DB003BED}
	EndGlobalSection
EndGlobal
